
Microsoft Visual Studio Solution File, Format Version 12.00
# Visual Studio Version 16
VisualStudioVersion = 16.0.29509.3
MinimumVisualStudioVersion = 10.0.40219.1
Project("{9A19103F-16F7-4668-BE54-9A1E7A4F7556}") = "Splendor.Domain", "src\Splendor.Domain\Splendor.Domain.csproj", "{78699946-D78D-43EF-8487-CA6089A757EF}"
EndProject
Project("{9A19103F-16F7-4668-BE54-9A1E7A4F7556}") = "Splendor.Tests", "test\Splendor.Tests\Splendor.Tests.csproj", "{D992A279-2753-45A1-940E-1ABACCE89A74}"
EndProject
Project("{FAE04EC0-301F-11D3-BF4B-00C04F79EFBC}") = "Splendor.Forms", "src\Splendor.Forms\Splendor.Forms.csproj", "{6A669BAB-8A0C-4A12-B723-96DD1B937BAA}"
EndProject
Project("{2150E333-8FDC-42A3-9474-1A3956D46DE8}") = "src", "src", "{5805707D-B69A-4FE0-9112-38B761536E44}"
EndProject
Project("{2150E333-8FDC-42A3-9474-1A3956D46DE8}") = "test", "test", "{E295165E-581F-4FB1-A442-554F4CBE3E4C}"
EndProject
Project("{2150E333-8FDC-42A3-9474-1A3956D46DE8}") = "Solution Items", "Solution Items", "{F0397E28-9DCB-4666-8502-EC43654D28CE}"
	ProjectSection(SolutionItems) = preProject
		.github\workflows\ci.yml = .github\workflows\ci.yml
		build\dependencies.props = build\dependencies.props
		Directory.Build.props = Directory.Build.props
		Directory.Build.targets = Directory.Build.targets
		README.md = README.md
	EndProjectSection
EndProject
Project("{9A19103F-16F7-4668-BE54-9A1E7A4F7556}") = "Splendor.Blazor", "src\Splendor.Blazor\Splendor.Blazor.csproj", "{B8C04109-07EE-4D76-801A-2C412154C392}"
EndProject
Global
	GlobalSection(SolutionConfigurationPlatforms) = preSolution
		Debug|Any CPU = Debug|Any CPU
		Release|Any CPU = Release|Any CPU
	EndGlobalSection
	GlobalSection(ProjectConfigurationPlatforms) = postSolution
		{78699946-D78D-43EF-8487-CA6089A757EF}.Debug|Any CPU.ActiveCfg = Debug|Any CPU
		{78699946-D78D-43EF-8487-CA6089A757EF}.Debug|Any CPU.Build.0 = Debug|Any CPU
		{78699946-D78D-43EF-8487-CA6089A757EF}.Release|Any CPU.ActiveCfg = Release|Any CPU
		{78699946-D78D-43EF-8487-CA6089A757EF}.Release|Any CPU.Build.0 = Release|Any CPU
		{D992A279-2753-45A1-940E-1ABACCE89A74}.Debug|Any CPU.ActiveCfg = Debug|Any CPU
		{D992A279-2753-45A1-940E-1ABACCE89A74}.Debug|Any CPU.Build.0 = Debug|Any CPU
		{D992A279-2753-45A1-940E-1ABACCE89A74}.Release|Any CPU.ActiveCfg = Release|Any CPU
		{D992A279-2753-45A1-940E-1ABACCE89A74}.Release|Any CPU.Build.0 = Release|Any CPU
		{6A669BAB-8A0C-4A12-B723-96DD1B937BAA}.Debug|Any CPU.ActiveCfg = Debug|Any CPU
		{6A669BAB-8A0C-4A12-B723-96DD1B937BAA}.Debug|Any CPU.Build.0 = Debug|Any CPU
		{6A669BAB-8A0C-4A12-B723-96DD1B937BAA}.Release|Any CPU.ActiveCfg = Release|Any CPU
		{6A669BAB-8A0C-4A12-B723-96DD1B937BAA}.Release|Any CPU.Build.0 = Release|Any CPU
		{B8C04109-07EE-4D76-801A-2C412154C392}.Debug|Any CPU.ActiveCfg = Debug|Any CPU
		{B8C04109-07EE-4D76-801A-2C412154C392}.Debug|Any CPU.Build.0 = Debug|Any CPU
		{B8C04109-07EE-4D76-801A-2C412154C392}.Release|Any CPU.ActiveCfg = Release|Any CPU
		{B8C04109-07EE-4D76-801A-2C412154C392}.Release|Any CPU.Build.0 = Release|Any CPU
	EndGlobalSection
	GlobalSection(SolutionProperties) = preSolution
		HideSolutionNode = FALSE
	EndGlobalSection
	GlobalSection(NestedProjects) = preSolution
		{78699946-D78D-43EF-8487-CA6089A757EF} = {5805707D-B69A-4FE0-9112-38B761536E44}
		{D992A279-2753-45A1-940E-1ABACCE89A74} = {E295165E-581F-4FB1-A442-554F4CBE3E4C}
		{6A669BAB-8A0C-4A12-B723-96DD1B937BAA} = {5805707D-B69A-4FE0-9112-38B761536E44}
		{B8C04109-07EE-4D76-801A-2C412154C392} = {5805707D-B69A-4FE0-9112-38B761536E44}
	EndGlobalSection
	GlobalSection(ExtensibilityGlobals) = postSolution
		SolutionGuid = {7F17CCEF-E9CF-44E4-BD0E-AA6D7D10770B}
	EndGlobalSection
EndGlobal
